
Microsoft Visual Studio Solution File, Format Version 12.00
# Visual Studio Version 16
VisualStudioVersion = 25.0.1703.2
MinimumVisualStudioVersion = 10.0.40219.1
Project("{FAE04EC0-301F-11D3-BF4B-00C04F79EFBC}") = "PrescribeAPI", "PrescribeAPI.csproj", "{08E7E72B-A0A4-435D-BC1E-F3AFB6185C5D}"
EndProject
Global
	GlobalSection(SolutionConfigurationPlatforms) = preSolution
		Debug|Any CPU = Debug|Any CPU
		Release|Any CPU = Release|Any CPU
	EndGlobalSection
	GlobalSection(ProjectConfigurationPlatforms) = postSolution
		{08E7E72B-A0A4-435D-BC1E-F3AFB6185C5D}.Debug|Any CPU.ActiveCfg = Debug|Any CPU
		{08E7E72B-A0A4-435D-BC1E-F3AFB6185C5D}.Debug|Any CPU.Build.0 = Debug|Any CPU
		{08E7E72B-A0A4-435D-BC1E-F3AFB6185C5D}.Release|Any CPU.ActiveCfg = Release|Any CPU
		{08E7E72B-A0A4-435D-BC1E-F3AFB6185C5D}.Release|Any CPU.Build.0 = Release|Any CPU
	EndGlobalSection
	GlobalSection(SolutionProperties) = preSolution
		HideSolutionNode = FALSE
	EndGlobalSection
	GlobalSection(ExtensibilityGlobals) = postSolution
		SolutionGuid = {4B5C1866-FF1E-4A7A-A627-E55621AD95AA}
	EndGlobalSection
EndGlobal
